{
  "name": "llm-input-formats",
  "version": "0.0.0",
  "lockfileVersion": 3,
  "requires": true,
  "packages": {
    "": {
      "name": "llm-input-formats",
      "version": "0.0.0",
      "dependencies": {
        "@anthropic-ai/sdk": "^0.70.1",
        "@ason-format/ason": "^2.0.0-preview",
        "@catalystic/json-to-yaml": "^1.0.0",
        "@mrodrig/json-2-csv-cli": "^5.5.9",
        "@toon-format/toon": "^1.4.0",
        "dotenv": "^16.4.5",
        "js-yaml": "^4.1.1",
        "json-2-csv": "^5.5.9",
        "tonl": "^2.3.1"
      }
    },
    "node_modules/@anthropic-ai/sdk": {
      "version": "0.70.1",
      "resolved": "https://registry.npmjs.org/@anthropic-ai/sdk/-/sdk-0.70.1.tgz",
      "integrity": "sha512-AGEhifuvE22VxfQ5ROxViTgM8NuVQzEvqcN8bttR4AP24ythmNE/cL/SrOz79xiv7/osrsmCyErjsistJi7Z8A==",
      "license": "MIT",
      "dependencies": {
        "json-schema-to-ts": "^3.1.1"
      },
      "bin": {
        "anthropic-ai-sdk": "bin/cli"
      },
      "peerDependencies": {
        "zod": "^3.25.0 || ^4.0.0"
      },
      "peerDependenciesMeta": {
        "zod": {
          "optional": true
        }
      }
    },
    "node_modules/@ason-format/ason": {
      "version": "2.0.0-preview",
      "resolved": "https://registry.npmjs.org/@ason-format/ason/-/ason-2.0.0-preview.tgz",
      "integrity": "sha512-1Pag6y6M8Av/bgSD57fYlGNmMptQhoTgTrzv5vojR0COuMsgHC3ItM3rWBbb/GRKaKlmLqg/23KqRjNtAZleNQ==",
      "license": "MIT",
      "dependencies": {
        "@ason-format/ason": "latest",
        "@toon-format/toon": "^0.9.0"
      },
      "bin": {
        "ason": "src/cli.js"
      },
      "engines": {
        "node": ">=16.0.0"
      }
    },
    "node_modules/@ason-format/ason/node_modules/@toon-format/toon": {
      "version": "0.9.0",
      "resolved": "https://registry.npmjs.org/@toon-format/toon/-/toon-0.9.0.tgz",
      "integrity": "sha512-BaMhGh1+/z8ceDrF2xL9Drd42hijbUJlivm/1goPR26RgCYsqlMkHbg48hx9a5UjZC7oZqxWPJ6ju5qvALi6Ag==",
      "license": "MIT"
    },
    "node_modules/@babel/runtime": {
      "version": "7.28.4",
      "resolved": "https://registry.npmjs.org/@babel/runtime/-/runtime-7.28.4.tgz",
      "integrity": "sha512-Q/N6JNWvIvPnLDvjlE1OUBLPQHH6l3CltCEsHIujp45zQUSSh8K+gHnaEX45yAT1nyngnINhvWtzN+Nb9D8RAQ==",
      "license": "MIT",
      "engines": {
        "node": ">=6.9.0"
      }
    },
    "node_modules/@catalystic/json-to-yaml": {
      "version": "1.0.0",
      "resolved": "https://registry.npmjs.org/@catalystic/json-to-yaml/-/json-to-yaml-1.0.0.tgz",
      "integrity": "sha512-SsaxDB/JojD+bXv/UA1z5sUCfL0t2oP9qasyzIPhYHCh1JuFkd82Ip8D/81bjeaCFDsy2GiWqaVPcJD4+rXrqw==",
      "license": "ISC"
    },
    "node_modules/@mrodrig/json-2-csv-cli": {
      "version": "5.5.9",
      "resolved": "https://registry.npmjs.org/@mrodrig/json-2-csv-cli/-/json-2-csv-cli-5.5.9.tgz",
      "integrity": "sha512-1H1fFEgkQ1I+hT17E3kP26E6hfvdTnsRhPMFusIhF1ayCwc+vOmPh25hy+l/4GYtjpeuT1y1kGzYh5V0hRYzlw==",
      "license": "MIT",
      "dependencies": {
        "commander": "12.1.0",
        "json-2-csv": "5.5.9"
      },
      "bin": {
        "csv2json": "bin/csv2json.js",
        "json2csv": "bin/json2csv.js"
      },
      "engines": {
        "node": ">= 18"
      }
    },
    "node_modules/@toon-format/toon": {
      "version": "1.4.0",
      "resolved": "https://registry.npmjs.org/@toon-format/toon/-/toon-1.4.0.tgz",
      "integrity": "sha512-bjdhhIPjnX2oVk+pKy/nD3bwuESDLX/5fwW0TxwpV7Q4PVNkiRSv1S0sPeuy9TI4PfAlulow1HShdmMTnYvoLg==",
      "license": "MIT"
    },
    "node_modules/argparse": {
      "version": "2.0.1",
      "resolved": "https://registry.npmjs.org/argparse/-/argparse-2.0.1.tgz",
      "integrity": "sha512-8+9WqebbFzpX9OR+Wa6O29asIogeRMzcGtAINdpMHHyAg10f05aSFVBbcEqGf/PXw1EjAZ+q2/bEBg3DvurK3Q==",
      "license": "Python-2.0"
    },
    "node_modules/commander": {
      "version": "12.1.0",
      "resolved": "https://registry.npmjs.org/commander/-/commander-12.1.0.tgz",
      "integrity": "sha512-Vw8qHK3bZM9y/P10u3Vib8o/DdkvA2OtPtZvD871QKjy74Wj1WSKFILMPRPSdUSx5RFK1arlJzEtA4PkFgnbuA==",
      "license": "MIT",
      "engines": {
        "node": ">=18"
      }
    },
    "node_modules/deeks": {
      "version": "3.1.0",
      "resolved": "https://registry.npmjs.org/deeks/-/deeks-3.1.0.tgz",
      "integrity": "sha512-e7oWH1LzIdv/prMQ7pmlDlaVoL64glqzvNgkgQNgyec9ORPHrT2jaOqMtRyqJuwWjtfb6v+2rk9pmaHj+F137A==",
      "license": "MIT",
      "engines": {
        "node": ">= 16"
      }
    },
    "node_modules/doc-path": {
      "version": "4.1.1",
      "resolved": "https://registry.npmjs.org/doc-path/-/doc-path-4.1.1.tgz",
      "integrity": "sha512-h1ErTglQAVv2gCnOpD3sFS6uolDbOKHDU1BZq+Kl3npPqroU3dYL42lUgMfd5UimlwtRgp7C9dLGwqQ5D2HYgQ==",
      "license": "MIT",
      "engines": {
        "node": ">=16"
      }
    },
    "node_modules/dotenv": {
      "version": "16.6.1",
      "resolved": "https://registry.npmjs.org/dotenv/-/dotenv-16.6.1.tgz",
      "integrity": "sha512-uBq4egWHTcTt33a72vpSG0z3HnPuIl6NqYcTrKEg2azoEyl2hpW0zqlxysq2pK9HlDIHyHyakeYaYnSAwd8bow==",
      "license": "BSD-2-Clause",
      "engines": {
        "node": ">=12"
      },
      "funding": {
        "url": "https://dotenvx.com"
      }
    },
    "node_modules/js-yaml": {
      "version": "4.1.1",
      "resolved": "https://registry.npmjs.org/js-yaml/-/js-yaml-4.1.1.tgz",
      "integrity": "sha512-qQKT4zQxXl8lLwBtHMWwaTcGfFOZviOJet3Oy/xmGk2gZH677CJM9EvtfdSkgWcATZhj/55JZ0rmy3myCT5lsA==",
      "license": "MIT",
      "dependencies": {
        "argparse": "^2.0.1"
      },
      "bin": {
        "js-yaml": "bin/js-yaml.js"
      }
    },
    "node_modules/json-2-csv": {
      "version": "5.5.9",
      "resolved": "https://registry.npmjs.org/json-2-csv/-/json-2-csv-5.5.9.tgz",
      "integrity": "sha512-l4g6GZVHrsN+5SKkpOmGNSvho+saDZwXzj/xmcO0lJAgklzwsiqy70HS5tA9djcRvBEybZ9IF6R1MDFTEsaOGQ==",
      "license": "MIT",
      "dependencies": {
        "deeks": "3.1.0",
        "doc-path": "4.1.1"
      },
      "engines": {
        "node": ">= 16"
      }
    },
    "node_modules/json-schema-to-ts": {
      "version": "3.1.1",
      "resolved": "https://registry.npmjs.org/json-schema-to-ts/-/json-schema-to-ts-3.1.1.tgz",
      "integrity": "sha512-+DWg8jCJG2TEnpy7kOm/7/AxaYoaRbjVB4LFZLySZlWn8exGs3A4OLJR966cVvU26N7X9TWxl+Jsw7dzAqKT6g==",
      "license": "MIT",
      "dependencies": {
        "@babel/runtime": "^7.18.3",
        "ts-algebra": "^2.0.0"
      },
      "engines": {
        "node": ">=16"
      }
    },
    "node_modules/tonl": {
      "version": "2.3.1",
      "resolved": "https://registry.npmjs.org/tonl/-/tonl-2.3.1.tgz",
      "integrity": "sha512-pwqPtGLLHXw3hCP3D3akp6GSjf1JAHwhJtxzJGy7qE6OteKssSFsU1hRS65Z3Vv11Pq8yVErGVinhVEHqkoung==",
      "license": "MIT",
      "bin": {
        "tonl": "dist/cli.js"
      },
      "engines": {
        "node": ">=18.0.0"
      }
    },
    "node_modules/ts-algebra": {
      "version": "2.0.0",
      "resolved": "https://registry.npmjs.org/ts-algebra/-/ts-algebra-2.0.0.tgz",
      "integrity": "sha512-FPAhNPFMrkwz76P7cdjdmiShwMynZYN6SgOujD1urY4oNm80Ou9oMdmbR45LotcKOXoy7wSmHkRFE6Mxbrhefw==",
      "license": "MIT"
    }
  }
}
